
Microsoft Visual Studio Solution File, Format Version 12.00
# Visual Studio Version 17
VisualStudioVersion = 17.6.33829.357
MinimumVisualStudioVersion = 10.0.40219.1
Project("{9A19103F-16F7-4668-BE54-9A1E7A4F7556}") = "Batch2024TrainingDemo.API", "Batch2024TrainingDemo.API\Batch2024TrainingDemo.API.csproj", "{64892A6F-166C-4BF1-B6E7-F799B1309189}"
EndProject
Project("{FAE04EC0-301F-11D3-BF4B-00C04F79EFBC}") = "Batch2024TrainingDemo.Services", "Batch2024TrainingDemo.Services\Batch2024TrainingDemo.Services.csproj", "{5BB9DDA7-3768-4CEF-A1CC-F3C78F482DC1}"
EndProject
Project("{9A19103F-16F7-4668-BE54-9A1E7A4F7556}") = "Batch2024TrainingDemo.Contracts", "Batch2024TrainingDemo.Contracts\Batch2024TrainingDemo.Contracts.csproj", "{291CA887-4F27-4088-B3D3-9079AC73FB01}"
EndProject
Global
	GlobalSection(SolutionConfigurationPlatforms) = preSolution
		Debug|Any CPU = Debug|Any CPU
		Release|Any CPU = Release|Any CPU
	EndGlobalSection
	GlobalSection(ProjectConfigurationPlatforms) = postSolution
		{64892A6F-166C-4BF1-B6E7-F799B1309189}.Debug|Any CPU.ActiveCfg = Debug|Any CPU
		{64892A6F-166C-4BF1-B6E7-F799B1309189}.Debug|Any CPU.Build.0 = Debug|Any CPU
		{64892A6F-166C-4BF1-B6E7-F799B1309189}.Release|Any CPU.ActiveCfg = Release|Any CPU
		{64892A6F-166C-4BF1-B6E7-F799B1309189}.Release|Any CPU.Build.0 = Release|Any CPU
		{5BB9DDA7-3768-4CEF-A1CC-F3C78F482DC1}.Debug|Any CPU.ActiveCfg = Debug|Any CPU
		{5BB9DDA7-3768-4CEF-A1CC-F3C78F482DC1}.Debug|Any CPU.Build.0 = Debug|Any CPU
		{5BB9DDA7-3768-4CEF-A1CC-F3C78F482DC1}.Release|Any CPU.ActiveCfg = Release|Any CPU
		{5BB9DDA7-3768-4CEF-A1CC-F3C78F482DC1}.Release|Any CPU.Build.0 = Release|Any CPU
		{291CA887-4F27-4088-B3D3-9079AC73FB01}.Debug|Any CPU.ActiveCfg = Debug|Any CPU
		{291CA887-4F27-4088-B3D3-9079AC73FB01}.Debug|Any CPU.Build.0 = Debug|Any CPU
		{291CA887-4F27-4088-B3D3-9079AC73FB01}.Release|Any CPU.ActiveCfg = Release|Any CPU
		{291CA887-4F27-4088-B3D3-9079AC73FB01}.Release|Any CPU.Build.0 = Release|Any CPU
	EndGlobalSection
	GlobalSection(SolutionProperties) = preSolution
		HideSolutionNode = FALSE
	EndGlobalSection
	GlobalSection(ExtensibilityGlobals) = postSolution
		SolutionGuid = {AFE3E0CB-1779-497E-8BE8-8D564F73B6F2}
	EndGlobalSection
EndGlobal
